
Microsoft Visual Studio Solution File, Format Version 12.00
# Visual Studio 14
VisualStudioVersion = 14.0.25420.1
MinimumVisualStudioVersion = 10.0.40219.1
Project("{FAE04EC0-301F-11D3-BF4B-00C04F79EFBC}") = "ADL_Sample_Client", "ADL_Sample_Client\ADL_Sample_Client.csproj", "{B255D8FF-3031-43B5-8044-AA944DD62C36}"
EndProject
Global
	GlobalSection(SolutionConfigurationPlatforms) = preSolution
		Debug|Any CPU = Debug|Any CPU
		Release|Any CPU = Release|Any CPU
	EndGlobalSection
	GlobalSection(ProjectConfigurationPlatforms) = postSolution
		{B255D8FF-3031-43B5-8044-AA944DD62C36}.Debug|Any CPU.ActiveCfg = Debug|Any CPU
		{B255D8FF-3031-43B5-8044-AA944DD62C36}.Debug|Any CPU.Build.0 = Debug|Any CPU
		{B255D8FF-3031-43B5-8044-AA944DD62C36}.Release|Any CPU.ActiveCfg = Release|Any CPU
		{B255D8FF-3031-43B5-8044-AA944DD62C36}.Release|Any CPU.Build.0 = Release|Any CPU
	EndGlobalSection
	GlobalSection(SolutionProperties) = preSolution
		HideSolutionNode = FALSE
	EndGlobalSection
EndGlobal
