
Microsoft Visual Studio Solution File, Format Version 12.00
# Visual Studio 14
VisualStudioVersion = 14.0.24720.0
MinimumVisualStudioVersion = 10.0.40219.1
Project("{182E2583-ECAD-465B-BB50-91101D7C24CE}") = "USQL_Tutorial", "USQL_Tutorial\USQL_Tutorial.usqlproj", "{88B3900F-F164-43B1-8414-E38A9F77BCF4}"
EndProject
Global
	GlobalSection(SolutionConfigurationPlatforms) = preSolution
		Debug|Any CPU = Debug|Any CPU
		Release|Any CPU = Release|Any CPU
	EndGlobalSection
	GlobalSection(ProjectConfigurationPlatforms) = postSolution
		{88B3900F-F164-43B1-8414-E38A9F77BCF4}.Debug|Any CPU.ActiveCfg = Debug|Any CPU
		{88B3900F-F164-43B1-8414-E38A9F77BCF4}.Debug|Any CPU.Build.0 = Debug|Any CPU
		{88B3900F-F164-43B1-8414-E38A9F77BCF4}.Release|Any CPU.ActiveCfg = Release|Any CPU
		{88B3900F-F164-43B1-8414-E38A9F77BCF4}.Release|Any CPU.Build.0 = Release|Any CPU
	EndGlobalSection
	GlobalSection(SolutionProperties) = preSolution
		HideSolutionNode = FALSE
	EndGlobalSection
EndGlobal
