
Microsoft Visual Studio Solution File, Format Version 12.00
# Visual Studio 15
VisualStudioVersion = 15.0.26430.15
MinimumVisualStudioVersion = 10.0.40219.1
Project("{182E2583-ECAD-465B-BB50-91101D7C24CE}") = "USQLExcelExtractor", "USQLExcelExtractor\USQLExcelExtractor.usqlproj", "{CA7D4C8D-3A2D-4E49-B4BB-FA5BBCB413FB}"
EndProject
Project("{FAE04EC0-301F-11D3-BF4B-00C04F79EFBC}") = "oh22is.Analytics.Formats", "oh22is.Analytics.Formats\oh22is.Analytics.Formats.csproj", "{1B3E7106-6D16-4B96-87C5-F15E18FFC08F}"
EndProject
Global
	GlobalSection(SolutionConfigurationPlatforms) = preSolution
		Debug|Any CPU = Debug|Any CPU
		Debug|x64 = Debug|x64
		Debug|x86 = Debug|x86
		Release|Any CPU = Release|Any CPU
		Release|x64 = Release|x64
		Release|x86 = Release|x86
	EndGlobalSection
	GlobalSection(ProjectConfigurationPlatforms) = postSolution
		{CA7D4C8D-3A2D-4E49-B4BB-FA5BBCB413FB}.Debug|Any CPU.ActiveCfg = Debug|Any CPU
		{CA7D4C8D-3A2D-4E49-B4BB-FA5BBCB413FB}.Debug|Any CPU.Build.0 = Debug|Any CPU
		{CA7D4C8D-3A2D-4E49-B4BB-FA5BBCB413FB}.Debug|x64.ActiveCfg = Debug|x64
		{CA7D4C8D-3A2D-4E49-B4BB-FA5BBCB413FB}.Debug|x64.Build.0 = Debug|x64
		{CA7D4C8D-3A2D-4E49-B4BB-FA5BBCB413FB}.Debug|x86.ActiveCfg = Debug|x86
		{CA7D4C8D-3A2D-4E49-B4BB-FA5BBCB413FB}.Debug|x86.Build.0 = Debug|x86
		{CA7D4C8D-3A2D-4E49-B4BB-FA5BBCB413FB}.Release|Any CPU.ActiveCfg = Release|Any CPU
		{CA7D4C8D-3A2D-4E49-B4BB-FA5BBCB413FB}.Release|Any CPU.Build.0 = Release|Any CPU
		{CA7D4C8D-3A2D-4E49-B4BB-FA5BBCB413FB}.Release|x64.ActiveCfg = Release|x64
		{CA7D4C8D-3A2D-4E49-B4BB-FA5BBCB413FB}.Release|x64.Build.0 = Release|x64
		{CA7D4C8D-3A2D-4E49-B4BB-FA5BBCB413FB}.Release|x86.ActiveCfg = Release|x86
		{CA7D4C8D-3A2D-4E49-B4BB-FA5BBCB413FB}.Release|x86.Build.0 = Release|x86
		{1B3E7106-6D16-4B96-87C5-F15E18FFC08F}.Debug|Any CPU.ActiveCfg = Debug|Any CPU
		{1B3E7106-6D16-4B96-87C5-F15E18FFC08F}.Debug|Any CPU.Build.0 = Debug|Any CPU
		{1B3E7106-6D16-4B96-87C5-F15E18FFC08F}.Debug|x64.ActiveCfg = Debug|Any CPU
		{1B3E7106-6D16-4B96-87C5-F15E18FFC08F}.Debug|x64.Build.0 = Debug|Any CPU
		{1B3E7106-6D16-4B96-87C5-F15E18FFC08F}.Debug|x86.ActiveCfg = Debug|Any CPU
		{1B3E7106-6D16-4B96-87C5-F15E18FFC08F}.Debug|x86.Build.0 = Debug|Any CPU
		{1B3E7106-6D16-4B96-87C5-F15E18FFC08F}.Release|Any CPU.ActiveCfg = Release|Any CPU
		{1B3E7106-6D16-4B96-87C5-F15E18FFC08F}.Release|Any CPU.Build.0 = Release|Any CPU
		{1B3E7106-6D16-4B96-87C5-F15E18FFC08F}.Release|x64.ActiveCfg = Release|Any CPU
		{1B3E7106-6D16-4B96-87C5-F15E18FFC08F}.Release|x64.Build.0 = Release|Any CPU
		{1B3E7106-6D16-4B96-87C5-F15E18FFC08F}.Release|x86.ActiveCfg = Release|Any CPU
		{1B3E7106-6D16-4B96-87C5-F15E18FFC08F}.Release|x86.Build.0 = Release|Any CPU
	EndGlobalSection
	GlobalSection(SolutionProperties) = preSolution
		HideSolutionNode = FALSE
	EndGlobalSection
EndGlobal
