
Microsoft Visual Studio Solution File, Format Version 12.00
# Visual Studio 14
VisualStudioVersion = 14.0.25420.1
MinimumVisualStudioVersion = 10.0.40219.1
Project("{FAE04EC0-301F-11D3-BF4B-00C04F79EFBC}") = "Sample_Upload_Submit", "Sample_Upload_Submit\Sample_Upload_Submit.csproj", "{5FBF6B6B-BC3F-4A88-9C14-9CF79A14CA10}"
EndProject
Global
	GlobalSection(SolutionConfigurationPlatforms) = preSolution
		Debug|Any CPU = Debug|Any CPU
		Release|Any CPU = Release|Any CPU
	EndGlobalSection
	GlobalSection(ProjectConfigurationPlatforms) = postSolution
		{5FBF6B6B-BC3F-4A88-9C14-9CF79A14CA10}.Debug|Any CPU.ActiveCfg = Debug|Any CPU
		{5FBF6B6B-BC3F-4A88-9C14-9CF79A14CA10}.Debug|Any CPU.Build.0 = Debug|Any CPU
		{5FBF6B6B-BC3F-4A88-9C14-9CF79A14CA10}.Release|Any CPU.ActiveCfg = Release|Any CPU
		{5FBF6B6B-BC3F-4A88-9C14-9CF79A14CA10}.Release|Any CPU.Build.0 = Release|Any CPU
	EndGlobalSection
	GlobalSection(SolutionProperties) = preSolution
		HideSolutionNode = FALSE
	EndGlobalSection
EndGlobal
